// !$*UTF8*$!
{
	archiveVersion = 1;
	classes = {
	};
	objectVersion = 50;
	objects = {

/* Begin PBXBuildFile section */
		04A98FD62250AB7C00E51EAB /* AppDelegate.swift in Sources */ = {isa = PBXBuildFile; fileRef = 04A98FD52250AB7C00E51EAB /* AppDelegate.swift */; };
		04A98FD82250AB7C00E51EAB /* ViewController.swift in Sources */ = {isa = PBXBuildFile; fileRef = 04A98FD72250AB7C00E51EAB /* ViewController.swift */; };
		04A98FDB2250AB7C00E51EAB /* Main.storyboard in Resources */ = {isa = PBXBuildFile; fileRef = 04A98FD92250AB7C00E51EAB /* Main.storyboard */; };
		04A98FDD2250AB7D00E51EAB /* Assets.xcassets in Resources */ = {isa = PBXBuildFile; fileRef = 04A98FDC2250AB7D00E51EAB /* Assets.xcassets */; };
		04A98FE02250AB7D00E51EAB /* LaunchScreen.storyboard in Resources */ = {isa = PBXBuildFile; fileRef = 04A98FDE2250AB7D00E51EAB /* LaunchScreen.storyboard */; };
		04A98FEB2250AB7D00E51EAB /* SearchbarTableTests.swift in Sources */ = {isa = PBXBuildFile; fileRef = 04A98FEA2250AB7D00E51EAB /* SearchbarTableTests.swift */; };
		04A98FF62250AB7E00E51EAB /* SearchbarTableUITests.swift in Sources */ = {isa = PBXBuildFile; fileRef = 04A98FF52250AB7E00E51EAB /* SearchbarTableUITests.swift */; };
		04A990252250ABA000E51EAB /* Algeria.png in Resources */ = {isa = PBXBuildFile; fileRef = 04A990042250ABA000E51EAB /* Algeria.png */; };
		04A990262250ABA000E51EAB /* Argentina.png in Resources */ = {isa = PBXBuildFile; fileRef = 04A990052250ABA000E51EAB /* Argentina.png */; };
		04A990272250ABA000E51EAB /* Australia.png in Resources */ = {isa = PBXBuildFile; fileRef = 04A990062250ABA000E51EAB /* Australia.png */; };
		04A990282250ABA000E51EAB /* Brazil.png in Resources */ = {isa = PBXBuildFile; fileRef = 04A990072250ABA000E51EAB /* Brazil.png */; };
		04A990292250ABA000E51EAB /* Cameroon.png in Resources */ = {isa = PBXBuildFile; fileRef = 04A990082250ABA000E51EAB /* Cameroon.png */; };
		04A9902A2250ABA000E51EAB /* Chile.png in Resources */ = {isa = PBXBuildFile; fileRef = 04A990092250ABA000E51EAB /* Chile.png */; };
		04A9902B2250ABA000E51EAB /* CoteDIvoire.png in Resources */ = {isa = PBXBuildFile; fileRef = 04A9900A2250ABA000E51EAB /* CoteDIvoire.png */; };
		04A9902C2250ABA000E51EAB /* Denmark.png in Resources */ = {isa = PBXBuildFile; fileRef = 04A9900B2250ABA000E51EAB /* Denmark.png */; };
		04A9902D2250ABA000E51EAB /* England.png in Resources */ = {isa = PBXBuildFile; fileRef = 04A9900C2250ABA000E51EAB /* England.png */; };
		04A9902E2250ABA000E51EAB /* France.png in Resources */ = {isa = PBXBuildFile; fileRef = 04A9900D2250ABA000E51EAB /* France.png */; };
		04A9902F2250ABA000E51EAB /* Germany.png in Resources */ = {isa = PBXBuildFile; fileRef = 04A9900E2250ABA000E51EAB /* Germany.png */; };
		04A990302250ABA000E51EAB /* Ghana.png in Resources */ = {isa = PBXBuildFile; fileRef = 04A9900F2250ABA000E51EAB /* Ghana.png */; };
		04A990312250ABA000E51EAB /* Greece.png in Resources */ = {isa = PBXBuildFile; fileRef = 04A990102250ABA000E51EAB /* Greece.png */; };
		04A990322250ABA000E51EAB /* Holland.png in Resources */ = {isa = PBXBuildFile; fileRef = 04A990112250ABA000E51EAB /* Holland.png */; };
		04A990332250ABA000E51EAB /* Honduras.png in Resources */ = {isa = PBXBuildFile; fileRef = 04A990122250ABA000E51EAB /* Honduras.png */; };
		04A990342250ABA000E51EAB /* Italy.png in Resources */ = {isa = PBXBuildFile; fileRef = 04A990132250ABA000E51EAB /* Italy.png */; };
		04A990352250ABA000E51EAB /* Japan.png in Resources */ = {isa = PBXBuildFile; fileRef = 04A990142250ABA000E51EAB /* Japan.png */; };
		04A990362250ABA000E51EAB /* Mexico.png in Resources */ = {isa = PBXBuildFile; fileRef = 04A990152250ABA000E51EAB /* Mexico.png */; };
		04A990372250ABA000E51EAB /* NewZealand.png in Resources */ = {isa = PBXBuildFile; fileRef = 04A990162250ABA000E51EAB /* NewZealand.png */; };
		04A990382250ABA000E51EAB /* Nigeria.png in Resources */ = {isa = PBXBuildFile; fileRef = 04A990172250ABA000E51EAB /* Nigeria.png */; };
		04A990392250ABA000E51EAB /* NorthKorea.png in Resources */ = {isa = PBXBuildFile; fileRef = 04A990182250ABA000E51EAB /* NorthKorea.png */; };
		04A9903A2250ABA000E51EAB /* Paraguay.png in Resources */ = {isa = PBXBuildFile; fileRef = 04A990192250ABA000E51EAB /* Paraguay.png */; };
		04A9903B2250ABA000E51EAB /* Portugal.png in Resources */ = {isa = PBXBuildFile; fileRef = 04A9901A2250ABA000E51EAB /* Portugal.png */; };
		04A9903C2250ABA000E51EAB /* Serbia.png in Resources */ = {isa = PBXBuildFile; fileRef = 04A9901B2250ABA000E51EAB /* Serbia.png */; };
		04A9903D2250ABA000E51EAB /* Slovakia.png in Resources */ = {isa = PBXBuildFile; fileRef = 04A9901C2250ABA000E51EAB /* Slovakia.png */; };
		04A9903E2250ABA000E51EAB /* Slovenia.png in Resources */ = {isa = PBXBuildFile; fileRef = 04A9901D2250ABA000E51EAB /* Slovenia.png */; };
		04A9903F2250ABA000E51EAB /* SouthAfrica.png in Resources */ = {isa = PBXBuildFile; fileRef = 04A9901E2250ABA000E51EAB /* SouthAfrica.png */; };
		04A990402250ABA000E51EAB /* SouthKorea.png in Resources */ = {isa = PBXBuildFile; fileRef = 04A9901F2250ABA000E51EAB /* SouthKorea.png */; };
		04A990412250ABA000E51EAB /* Spain.png in Resources */ = {isa = PBXBuildFile; fileRef = 04A990202250ABA000E51EAB /* Spain.png */; };
		04A990422250ABA000E51EAB /* Switzerland.png in Resources */ = {isa = PBXBuildFile; fileRef = 04A990212250ABA000E51EAB /* Switzerland.png */; };
		04A990432250ABA000E51EAB /* Uruguay.png in Resources */ = {isa = PBXBuildFile; fileRef = 04A990222250ABA000E51EAB /* Uruguay.png */; };
		04A990442250ABA000E51EAB /* USA.png in Resources */ = {isa = PBXBuildFile; fileRef = 04A990232250ABA000E51EAB /* USA.png */; };
		04A990452250ABA000E51EAB /* team.plist in Resources */ = {isa = PBXBuildFile; fileRef = 04A990242250ABA000E51EAB /* team.plist */; };
		04A990472250B5CB00E51EAB /* CustomCell.swift in Sources */ = {isa = PBXBuildFile; fileRef = 04A990462250B5CB00E51EAB /* CustomCell.swift */; };
/* End PBXBuildFile section */

/* Begin PBXContainerItemProxy section */
		04A98FE72250AB7D00E51EAB /* PBXContainerItemProxy */ = {
			isa = PBXContainerItemProxy;
			containerPortal = 04A98FCA2250AB7C00E51EAB /* Project object */;
			proxyType = 1;
			remoteGlobalIDString = 04A98FD12250AB7C00E51EAB;
			remoteInfo = SearchbarTable;
		};
		04A98FF22250AB7E00E51EAB /* PBXContainerItemProxy */ = {
			isa = PBXContainerItemProxy;
			containerPortal = 04A98FCA2250AB7C00E51EAB /* Project object */;
			proxyType = 1;
			remoteGlobalIDString = 04A98FD12250AB7C00E51EAB;
			remoteInfo = SearchbarTable;
		};
/* End PBXContainerItemProxy section */

/* Begin PBXFileReference section */
		04A98FD22250AB7C00E51EAB /* SearchbarTable.app */ = {isa = PBXFileReference; explicitFileType = wrapper.application; includeInIndex = 0; path = SearchbarTable.app; sourceTree = BUILT_PRODUCTS_DIR; };
		04A98FD52250AB7C00E51EAB /* AppDelegate.swift */ = {isa = PBXFileReference; lastKnownFileType = sourcecode.swift; path = AppDelegate.swift; sourceTree = "<group>"; };
		04A98FD72250AB7C00E51EAB /* ViewController.swift */ = {isa = PBXFileReference; lastKnownFileType = sourcecode.swift; path = ViewController.swift; sourceTree = "<group>"; };
		04A98FDA2250AB7C00E51EAB /* Base */ = {isa = PBXFileReference; lastKnownFileType = file.storyboard; name = Base; path = Base.lproj/Main.storyboard; sourceTree = "<group>"; };
		04A98FDC2250AB7D00E51EAB /* Assets.xcassets */ = {isa = PBXFileReference; lastKnownFileType = folder.assetcatalog; path = Assets.xcassets; sourceTree = "<group>"; };
		04A98FDF2250AB7D00E51EAB /* Base */ = {isa = PBXFileReference; lastKnownFileType = file.storyboard; name = Base; path = Base.lproj/LaunchScreen.storyboard; sourceTree = "<group>"; };
		04A98FE12250AB7D00E51EAB /* Info.plist */ = {isa = PBXFileReference; lastKnownFileType = text.plist.xml; path = Info.plist; sourceTree = "<group>"; };
		04A98FE62250AB7D00E51EAB /* SearchbarTableTests.xctest */ = {isa = PBXFileReference; explicitFileType = wrapper.cfbundle; includeInIndex = 0; path = SearchbarTableTests.xctest; sourceTree = BUILT_PRODUCTS_DIR; };
		04A98FEA2250AB7D00E51EAB /* SearchbarTableTests.swift */ = {isa = PBXFileReference; lastKnownFileType = sourcecode.swift; path = SearchbarTableTests.swift; sourceTree = "<group>"; };
		04A98FEC2250AB7D00E51EAB /* Info.plist */ = {isa = PBXFileReference; lastKnownFileType = text.plist.xml; path = Info.plist; sourceTree = "<group>"; };
		04A98FF12250AB7E00E51EAB /* SearchbarTableUITests.xctest */ = {isa = PBXFileReference; explicitFileType = wrapper.cfbundle; includeInIndex = 0; path = SearchbarTableUITests.xctest; sourceTree = BUILT_PRODUCTS_DIR; };
		04A98FF52250AB7E00E51EAB /* SearchbarTableUITests.swift */ = {isa = PBXFileReference; lastKnownFileType = sourcecode.swift; path = SearchbarTableUITests.swift; sourceTree = "<group>"; };
		04A98FF72250AB7E00E51EAB /* Info.plist */ = {isa = PBXFileReference; lastKnownFileType = text.plist.xml; path = Info.plist; sourceTree = "<group>"; };
		04A990042250ABA000E51EAB /* Algeria.png */ = {isa = PBXFileReference; lastKnownFileType = image.png; path = Algeria.png; sourceTree = "<group>"; };
		04A990052250ABA000E51EAB /* Argentina.png */ = {isa = PBXFileReference; lastKnownFileType = image.png; path = Argentina.png; sourceTree = "<group>"; };
		04A990062250ABA000E51EAB /* Australia.png */ = {isa = PBXFileReference; lastKnownFileType = image.png; path = Australia.png; sourceTree = "<group>"; };
		04A990072250ABA000E51EAB /* Brazil.png */ = {isa = PBXFileReference; lastKnownFileType = image.png; path = Brazil.png; sourceTree = "<group>"; };
		04A990082250ABA000E51EAB /* Cameroon.png */ = {isa = PBXFileReference; lastKnownFileType = image.png; path = Cameroon.png; sourceTree = "<group>"; };
		04A990092250ABA000E51EAB /* Chile.png */ = {isa = PBXFileReference; lastKnownFileType = image.png; path = Chile.png; sourceTree = "<group>"; };
		04A9900A2250ABA000E51EAB /* CoteDIvoire.png */ = {isa = PBXFileReference; lastKnownFileType = image.png; path = CoteDIvoire.png; sourceTree = "<group>"; };
		04A9900B2250ABA000E51EAB /* Denmark.png */ = {isa = PBXFileReference; lastKnownFileType = image.png; path = Denmark.png; sourceTree = "<group>"; };
		04A9900C2250ABA000E51EAB /* England.png */ = {isa = PBXFileReference; lastKnownFileType = image.png; path = England.png; sourceTree = "<group>"; };
		04A9900D2250ABA000E51EAB /* France.png */ = {isa = PBXFileReference; lastKnownFileType = image.png; path = France.png; sourceTree = "<group>"; };
		04A9900E2250ABA000E51EAB /* Germany.png */ = {isa = PBXFileReference; lastKnownFileType = image.png; path = Germany.png; sourceTree = "<group>"; };
		04A9900F2250ABA000E51EAB /* Ghana.png */ = {isa = PBXFileReference; lastKnownFileType = image.png; path = Ghana.png; sourceTree = "<group>"; };
		04A990102250ABA000E51EAB /* Greece.png */ = {isa = PBXFileReference; lastKnownFileType = image.png; path = Greece.png; sourceTree = "<group>"; };
		04A990112250ABA000E51EAB /* Holland.png */ = {isa = PBXFileReference; lastKnownFileType = image.png; path = Holland.png; sourceTree = "<group>"; };
		04A990122250ABA000E51EAB /* Honduras.png */ = {isa = PBXFileReference; lastKnownFileType = image.png; path = Honduras.png; sourceTree = "<group>"; };
		04A990132250ABA000E51EAB /* Italy.png */ = {isa = PBXFileReference; lastKnownFileType = image.png; path = Italy.png; sourceTree = "<group>"; };
		04A990142250ABA000E51EAB /* Japan.png */ = {isa = PBXFileReference; lastKnownFileType = image.png; path = Japan.png; sourceTree = "<group>"; };
		04A990152250ABA000E51EAB /* Mexico.png */ = {isa = PBXFileReference; lastKnownFileType = image.png; path = Mexico.png; sourceTree = "<group>"; };
		04A990162250ABA000E51EAB /* NewZealand.png */ = {isa = PBXFileReference; lastKnownFileType = image.png; path = NewZealand.png; sourceTree = "<group>"; };
		04A990172250ABA000E51EAB /* Nigeria.png */ = {isa = PBXFileReference; lastKnownFileType = image.png; path = Nigeria.png; sourceTree = "<group>"; };
		04A990182250ABA000E51EAB /* NorthKorea.png */ = {isa = PBXFileReference; lastKnownFileType = image.png; path = NorthKorea.png; sourceTree = "<group>"; };
		04A990192250ABA000E51EAB /* Paraguay.png */ = {isa = PBXFileReference; lastKnownFileType = image.png; path = Paraguay.png; sourceTree = "<group>"; };
		04A9901A2250ABA000E51EAB /* Portugal.png */ = {isa = PBXFileReference; lastKnownFileType = image.png; path = Portugal.png; sourceTree = "<group>"; };
		04A9901B2250ABA000E51EAB /* Serbia.png */ = {isa = PBXFileReference; lastKnownFileType = image.png; path = Serbia.png; sourceTree = "<group>"; };
		04A9901C2250ABA000E51EAB /* Slovakia.png */ = {isa = PBXFileReference; lastKnownFileType = image.png; path = Slovakia.png; sourceTree = "<group>"; };
		04A9901D2250ABA000E51EAB /* Slovenia.png */ = {isa = PBXFileReference; lastKnownFileType = image.png; path = Slovenia.png; sourceTree = "<group>"; };
		04A9901E2250ABA000E51EAB /* SouthAfrica.png */ = {isa = PBXFileReference; lastKnownFileType = image.png; path = SouthAfrica.png; sourceTree = "<group>"; };
		04A9901F2250ABA000E51EAB /* SouthKorea.png */ = {isa = PBXFileReference; lastKnownFileType = image.png; path = SouthKorea.png; sourceTree = "<group>"; };
		04A990202250ABA000E51EAB /* Spain.png */ = {isa = PBXFileReference; lastKnownFileType = image.png; path = Spain.png; sourceTree = "<group>"; };
		04A990212250ABA000E51EAB /* Switzerland.png */ = {isa = PBXFileReference; lastKnownFileType = image.png; path = Switzerland.png; sourceTree = "<group>"; };
		04A990222250ABA000E51EAB /* Uruguay.png */ = {isa = PBXFileReference; lastKnownFileType = image.png; path = Uruguay.png; sourceTree = "<group>"; };
		04A990232250ABA000E51EAB /* USA.png */ = {isa = PBXFileReference; lastKnownFileType = image.png; path = USA.png; sourceTree = "<group>"; };
		04A990242250ABA000E51EAB /* team.plist */ = {isa = PBXFileReference; fileEncoding = 4; lastKnownFileType = text.plist.xml; name = team.plist; path = ../../SimpleTable/SimpleTable/team.plist; sourceTree = "<group>"; };
		04A990462250B5CB00E51EAB /* CustomCell.swift */ = {isa = PBXFileReference; lastKnownFileType = sourcecode.swift; path = CustomCell.swift; sourceTree = "<group>"; };
/* End PBXFileReference section */

/* Begin PBXFrameworksBuildPhase section */
		04A98FCF2250AB7C00E51EAB /* Frameworks */ = {
			isa = PBXFrameworksBuildPhase;
			buildActionMask = 2147483647;
			files = (
			);
			runOnlyForDeploymentPostprocessing = 0;
		};
		04A98FE32250AB7D00E51EAB /* Frameworks */ = {
			isa = PBXFrameworksBuildPhase;
			buildActionMask = 2147483647;
			files = (
			);
			runOnlyForDeploymentPostprocessing = 0;
		};
		04A98FEE2250AB7E00E51EAB /* Frameworks */ = {
			isa = PBXFrameworksBuildPhase;
			buildActionMask = 2147483647;
			files = (
			);
			runOnlyForDeploymentPostprocessing = 0;
		};
/* End PBXFrameworksBuildPhase section */

/* Begin PBXGroup section */
		04A98FC92250AB7C00E51EAB = {
			isa = PBXGroup;
			children = (
				04A98FD42250AB7C00E51EAB /* SearchbarTable */,
				04A98FE92250AB7D00E51EAB /* SearchbarTableTests */,
				04A98FF42250AB7E00E51EAB /* SearchbarTableUITests */,
				04A98FD32250AB7C00E51EAB /* Products */,
			);
			sourceTree = "<group>";
		};
		04A98FD32250AB7C00E51EAB /* Products */ = {
			isa = PBXGroup;
			children = (
				04A98FD22250AB7C00E51EAB /* SearchbarTable.app */,
				04A98FE62250AB7D00E51EAB /* SearchbarTableTests.xctest */,
				04A98FF12250AB7E00E51EAB /* SearchbarTableUITests.xctest */,
			);
			name = Products;
			sourceTree = "<group>";
		};
		04A98FD42250AB7C00E51EAB /* SearchbarTable */ = {
			isa = PBXGroup;
			children = (
				04A990032250ABA000E51EAB /* 球队图片 */,
				04A990242250ABA000E51EAB /* team.plist */,
				04A98FD52250AB7C00E51EAB /* AppDelegate.swift */,
				04A98FD72250AB7C00E51EAB /* ViewController.swift */,
				04A990462250B5CB00E51EAB /* CustomCell.swift */,
				04A98FD92250AB7C00E51EAB /* Main.storyboard */,
				04A98FDC2250AB7D00E51EAB /* Assets.xcassets */,
				04A98FDE2250AB7D00E51EAB /* LaunchScreen.storyboard */,
				04A98FE12250AB7D00E51EAB /* Info.plist */,
			);
			path = SearchbarTable;
			sourceTree = "<group>";
		};
		04A98FE92250AB7D00E51EAB /* SearchbarTableTests */ = {
			isa = PBXGroup;
			children = (
				04A98FEA2250AB7D00E51EAB /* SearchbarTableTests.swift */,
				04A98FEC2250AB7D00E51EAB /* Info.plist */,
			);
			path = SearchbarTableTests;
			sourceTree = "<group>";
		};
		04A98FF42250AB7E00E51EAB /* SearchbarTableUITests */ = {
			isa = PBXGroup;
			children = (
				04A98FF52250AB7E00E51EAB /* SearchbarTableUITests.swift */,
				04A98FF72250AB7E00E51EAB /* Info.plist */,
			);
			path = SearchbarTableUITests;
			sourceTree = "<group>";
		};
		04A990032250ABA000E51EAB /* 球队图片 */ = {
			isa = PBXGroup;
			children = (
				04A990042250ABA000E51EAB /* Algeria.png */,
				04A990052250ABA000E51EAB /* Argentina.png */,
				04A990062250ABA000E51EAB /* Australia.png */,
				04A990072250ABA000E51EAB /* Brazil.png */,
				04A990082250ABA000E51EAB /* Cameroon.png */,
				04A990092250ABA000E51EAB /* Chile.png */,
				04A9900A2250ABA000E51EAB /* CoteDIvoire.png */,
				04A9900B2250ABA000E51EAB /* Denmark.png */,
				04A9900C2250ABA000E51EAB /* England.png */,
				04A9900D2250ABA000E51EAB /* France.png */,
				04A9900E2250ABA000E51EAB /* Germany.png */,
				04A9900F2250ABA000E51EAB /* Ghana.png */,
				04A990102250ABA000E51EAB /* Greece.png */,
				04A990112250ABA000E51EAB /* Holland.png */,
				04A990122250ABA000E51EAB /* Honduras.png */,
				04A990132250ABA000E51EAB /* Italy.png */,
				04A990142250ABA000E51EAB /* Japan.png */,
				04A990152250ABA000E51EAB /* Mexico.png */,
				04A990162250ABA000E51EAB /* NewZealand.png */,
				04A990172250ABA000E51EAB /* Nigeria.png */,
				04A990182250ABA000E51EAB /* NorthKorea.png */,
				04A990192250ABA000E51EAB /* Paraguay.png */,
				04A9901A2250ABA000E51EAB /* Portugal.png */,
				04A9901B2250ABA000E51EAB /* Serbia.png */,
				04A9901C2250ABA000E51EAB /* Slovakia.png */,
				04A9901D2250ABA000E51EAB /* Slovenia.png */,
				04A9901E2250ABA000E51EAB /* SouthAfrica.png */,
				04A9901F2250ABA000E51EAB /* SouthKorea.png */,
				04A990202250ABA000E51EAB /* Spain.png */,
				04A990212250ABA000E51EAB /* Switzerland.png */,
				04A990222250ABA000E51EAB /* Uruguay.png */,
				04A990232250ABA000E51EAB /* USA.png */,
			);
			name = "球队图片";
			path = "../../SimpleTable/SimpleTable/球队图片";
			sourceTree = "<group>";
		};
/* End PBXGroup section */

/* Begin PBXNativeTarget section */
		04A98FD12250AB7C00E51EAB /* SearchbarTable */ = {
			isa = PBXNativeTarget;
			buildConfigurationList = 04A98FFA2250AB7E00E51EAB /* Build configuration list for PBXNativeTarget "SearchbarTable" */;
			buildPhases = (
				04A98FCE2250AB7C00E51EAB /* Sources */,
				04A98FCF2250AB7C00E51EAB /* Frameworks */,
				04A98FD02250AB7C00E51EAB /* Resources */,
			);
			buildRules = (
			);
			dependencies = (
			);
			name = SearchbarTable;
			productName = SearchbarTable;
			productReference = 04A98FD22250AB7C00E51EAB /* SearchbarTable.app */;
			productType = "com.apple.product-type.application";
		};
		04A98FE52250AB7D00E51EAB /* SearchbarTableTests */ = {
			isa = PBXNativeTarget;
			buildConfigurationList = 04A98FFD2250AB7E00E51EAB /* Build configuration list for PBXNativeTarget "SearchbarTableTests" */;
			buildPhases = (
				04A98FE22250AB7D00E51EAB /* Sources */,
				04A98FE32250AB7D00E51EAB /* Frameworks */,
				04A98FE42250AB7D00E51EAB /* Resources */,
			);
			buildRules = (
			);
			dependencies = (
				04A98FE82250AB7D00E51EAB /* PBXTargetDependency */,
			);
			name = SearchbarTableTests;
			productName = SearchbarTableTests;
			productReference = 04A98FE62250AB7D00E51EAB /* SearchbarTableTests.xctest */;
			productType = "com.apple.product-type.bundle.unit-test";
		};
		04A98FF02250AB7E00E51EAB /* SearchbarTableUITests */ = {
			isa = PBXNativeTarget;
			buildConfigurationList = 04A990002250AB7E00E51EAB /* Build configuration list for PBXNativeTarget "SearchbarTableUITests" */;
			buildPhases = (
				04A98FED2250AB7E00E51EAB /* Sources */,
				04A98FEE2250AB7E00E51EAB /* Frameworks */,
				04A98FEF2250AB7E00E51EAB /* Resources */,
			);
			buildRules = (
			);
			dependencies = (
				04A98FF32250AB7E00E51EAB /* PBXTargetDependency */,
			);
			name = SearchbarTableUITests;
			productName = SearchbarTableUITests;
			productReference = 04A98FF12250AB7E00E51EAB /* SearchbarTableUITests.xctest */;
			productType = "com.apple.product-type.bundle.ui-testing";
		};
/* End PBXNativeTarget section */

/* Begin PBXProject section */
		04A98FCA2250AB7C00E51EAB /* Project object */ = {
			isa = PBXProject;
			attributes = {
				LastSwiftUpdateCheck = 1010;
				LastUpgradeCheck = 1010;
				ORGANIZATIONNAME = LIUHAO;
				TargetAttributes = {
					04A98FD12250AB7C00E51EAB = {
						CreatedOnToolsVersion = 10.1;
					};
					04A98FE52250AB7D00E51EAB = {
						CreatedOnToolsVersion = 10.1;
						TestTargetID = 04A98FD12250AB7C00E51EAB;
					};
					04A98FF02250AB7E00E51EAB = {
						CreatedOnToolsVersion = 10.1;
						TestTargetID = 04A98FD12250AB7C00E51EAB;
					};
				};
			};
			buildConfigurationList = 04A98FCD2250AB7C00E51EAB /* Build configuration list for PBXProject "SearchbarTable" */;
			compatibilityVersion = "Xcode 9.3";
			developmentRegion = en;
			hasScannedForEncodings = 0;
			knownRegions = (
				en,
				Base,
			);
			mainGroup = 04A98FC92250AB7C00E51EAB;
			productRefGroup = 04A98FD32250AB7C00E51EAB /* Products */;
			projectDirPath = "";
			projectRoot = "";
			targets = (
				04A98FD12250AB7C00E51EAB /* SearchbarTable */,
				04A98FE52250AB7D00E51EAB /* SearchbarTableTests */,
				04A98FF02250AB7E00E51EAB /* SearchbarTableUITests */,
			);
		};
/* End PBXProject section */

/* Begin PBXResourcesBuildPhase section */
		04A98FD02250AB7C00E51EAB /* Resources */ = {
			isa = PBXResourcesBuildPhase;
			buildActionMask = 2147483647;
			files = (
				04A990442250ABA000E51EAB /* USA.png in Resources */,
				04A98FE02250AB7D00E51EAB /* LaunchScreen.storyboard in Resources */,
				04A990262250ABA000E51EAB /* Argentina.png in Resources */,
				04A990432250ABA000E51EAB /* Uruguay.png in Resources */,
				04A990342250ABA000E51EAB /* Italy.png in Resources */,
				04A9903B2250ABA000E51EAB /* Portugal.png in Resources */,
				04A990322250ABA000E51EAB /* Holland.png in Resources */,
				04A990272250ABA000E51EAB /* Australia.png in Resources */,
				04A9902F2250ABA000E51EAB /* Germany.png in Resources */,
				04A990392250ABA000E51EAB /* NorthKorea.png in Resources */,
				04A9902D2250ABA000E51EAB /* England.png in Resources */,
				04A9902C2250ABA000E51EAB /* Denmark.png in Resources */,
				04A990422250ABA000E51EAB /* Switzerland.png in Resources */,
				04A9903C2250ABA000E51EAB /* Serbia.png in Resources */,
				04A990332250ABA000E51EAB /* Honduras.png in Resources */,
				04A990382250ABA000E51EAB /* Nigeria.png in Resources */,
				04A9903D2250ABA000E51EAB /* Slovakia.png in Resources */,
				04A990402250ABA000E51EAB /* SouthKorea.png in Resources */,
				04A990362250ABA000E51EAB /* Mexico.png in Resources */,
				04A990452250ABA000E51EAB /* team.plist in Resources */,
				04A990292250ABA000E51EAB /* Cameroon.png in Resources */,
				04A990352250ABA000E51EAB /* Japan.png in Resources */,
				04A98FDD2250AB7D00E51EAB /* Assets.xcassets in Resources */,
				04A990312250ABA000E51EAB /* Greece.png in Resources */,
				04A990372250ABA000E51EAB /* NewZealand.png in Resources */,
				04A9902E2250ABA000E51EAB /* France.png in Resources */,
				04A98FDB2250AB7C00E51EAB /* Main.storyboard in Resources */,
				04A990412250ABA000E51EAB /* Spain.png in Resources */,
				04A990282250ABA000E51EAB /* Brazil.png in Resources */,
				04A990302250ABA000E51EAB /* Ghana.png in Resources */,
				04A9902B2250ABA000E51EAB /* CoteDIvoire.png in Resources */,
				04A9902A2250ABA000E51EAB /* Chile.png in Resources */,
				04A990252250ABA000E51EAB /* Algeria.png in Resources */,
				04A9903F2250ABA000E51EAB /* SouthAfrica.png in Resources */,
				04A9903E2250ABA000E51EAB /* Slovenia.png in Resources */,
				04A9903A2250ABA000E51EAB /* Paraguay.png in Resources */,
			);
			runOnlyForDeploymentPostprocessing = 0;
		};
		04A98FE42250AB7D00E51EAB /* Resources */ = {
			isa = PBXResourcesBuildPhase;
			buildActionMask = 2147483647;
			files = (
			);
			runOnlyForDeploymentPostprocessing = 0;
		};
		04A98FEF2250AB7E00E51EAB /* Resources */ = {
			isa = PBXResourcesBuildPhase;
			buildActionMask = 2147483647;
			files = (
			);
			runOnlyForDeploymentPostprocessing = 0;
		};
/* End PBXResourcesBuildPhase section */

/* Begin PBXSourcesBuildPhase section */
		04A98FCE2250AB7C00E51EAB /* Sources */ = {
			isa = PBXSourcesBuildPhase;
			buildActionMask = 2147483647;
			files = (
				04A98FD82250AB7C00E51EAB /* ViewController.swift in Sources */,
				04A990472250B5CB00E51EAB /* CustomCell.swift in Sources */,
				04A98FD62250AB7C00E51EAB /* AppDelegate.swift in Sources */,
			);
			runOnlyForDeploymentPostprocessing = 0;
		};
		04A98FE22250AB7D00E51EAB /* Sources */ = {
			isa = PBXSourcesBuildPhase;
			buildActionMask = 2147483647;
			files = (
				04A98FEB2250AB7D00E51EAB /* SearchbarTableTests.swift in Sources */,
			);
			runOnlyForDeploymentPostprocessing = 0;
		};
		04A98FED2250AB7E00E51EAB /* Sources */ = {
			isa = PBXSourcesBuildPhase;
			buildActionMask = 2147483647;
			files = (
				04A98FF62250AB7E00E51EAB /* SearchbarTableUITests.swift in Sources */,
			);
			runOnlyForDeploymentPostprocessing = 0;
		};
/* End PBXSourcesBuildPhase section */

/* Begin PBXTargetDependency section */
		04A98FE82250AB7D00E51EAB /* PBXTargetDependency */ = {
			isa = PBXTargetDependency;
			target = 04A98FD12250AB7C00E51EAB /* SearchbarTable */;
			targetProxy = 04A98FE72250AB7D00E51EAB /* PBXContainerItemProxy */;
		};
		04A98FF32250AB7E00E51EAB /* PBXTargetDependency */ = {
			isa = PBXTargetDependency;
			target = 04A98FD12250AB7C00E51EAB /* SearchbarTable */;
			targetProxy = 04A98FF22250AB7E00E51EAB /* PBXContainerItemProxy */;
		};
/* End PBXTargetDependency section */

/* Begin PBXVariantGroup section */
		04A98FD92250AB7C00E51EAB /* Main.storyboard */ = {
			isa = PBXVariantGroup;
			children = (
				04A98FDA2250AB7C00E51EAB /* Base */,
			);
			name = Main.storyboard;
			sourceTree = "<group>";
		};
		04A98FDE2250AB7D00E51EAB /* LaunchScreen.storyboard */ = {
			isa = PBXVariantGroup;
			children = (
				04A98FDF2250AB7D00E51EAB /* Base */,
			);
			name = LaunchScreen.storyboard;
			sourceTree = "<group>";
		};
/* End PBXVariantGroup section */

/* Begin XCBuildConfiguration section */
		04A98FF82250AB7E00E51EAB /* Debug */ = {
			isa = XCBuildConfiguration;
			buildSettings = {
				ALWAYS_SEARCH_USER_PATHS = NO;
				CLANG_ANALYZER_NONNULL = YES;
				CLANG_ANALYZER_NUMBER_OBJECT_CONVERSION = YES_AGGRESSIVE;
				CLANG_CXX_LANGUAGE_STANDARD = "gnu++14";
				CLANG_CXX_LIBRARY = "libc++";
				CLANG_ENABLE_MODULES = YES;
				CLANG_ENABLE_OBJC_ARC = YES;
				CLANG_ENABLE_OBJC_WEAK = YES;
				CLANG_WARN_BLOCK_CAPTURE_AUTORELEASING = YES;
				CLANG_WARN_BOOL_CONVERSION = YES;
				CLANG_WARN_COMMA = YES;
				CLANG_WARN_CONSTANT_CONVERSION = YES;
				CLANG_WARN_DEPRECATED_OBJC_IMPLEMENTATIONS = YES;
				CLANG_WARN_DIRECT_OBJC_ISA_USAGE = YES_ERROR;
				CLANG_WARN_DOCUMENTATION_COMMENTS = YES;
				CLANG_WARN_EMPTY_BODY = YES;
				CLANG_WARN_ENUM_CONVERSION = YES;
				CLANG_WARN_INFINITE_RECURSION = YES;
				CLANG_WARN_INT_CONVERSION = YES;
				CLANG_WARN_NON_LITERAL_NULL_CONVERSION = YES;
				CLANG_WARN_OBJC_IMPLICIT_RETAIN_SELF = YES;
				CLANG_WARN_OBJC_LITERAL_CONVERSION = YES;
				CLANG_WARN_OBJC_ROOT_CLASS = YES_ERROR;
				CLANG_WARN_RANGE_LOOP_ANALYSIS = YES;
				CLANG_WARN_STRICT_PROTOTYPES = YES;
				CLANG_WARN_SUSPICIOUS_MOVE = YES;
				CLANG_WARN_UNGUARDED_AVAILABILITY = YES_AGGRESSIVE;
				CLANG_WARN_UNREACHABLE_CODE = YES;
				CLANG_WARN__DUPLICATE_METHOD_MATCH = YES;
				CODE_SIGN_IDENTITY = "iPhone Developer";
				COPY_PHASE_STRIP = NO;
				DEBUG_INFORMATION_FORMAT = dwarf;
				ENABLE_STRICT_OBJC_MSGSEND = YES;
				ENABLE_TESTABILITY = YES;
				GCC_C_LANGUAGE_STANDARD = gnu11;
				GCC_DYNAMIC_NO_PIC = NO;
				GCC_NO_COMMON_BLOCKS = YES;
				GCC_OPTIMIZATION_LEVEL = 0;
				GCC_PREPROCESSOR_DEFINITIONS = (
					"DEBUG=1",
					"$(inherited)",
				);
				GCC_WARN_64_TO_32_BIT_CONVERSION = YES;
				GCC_WARN_ABOUT_RETURN_TYPE = YES_ERROR;
				GCC_WARN_UNDECLARED_SELECTOR = YES;
				GCC_WARN_UNINITIALIZED_AUTOS = YES_AGGRESSIVE;
				GCC_WARN_UNUSED_FUNCTION = YES;
				GCC_WARN_UNUSED_VARIABLE = YES;
				IPHONEOS_DEPLOYMENT_TARGET = 12.1;
				MTL_ENABLE_DEBUG_INFO = INCLUDE_SOURCE;
				MTL_FAST_MATH = YES;
				ONLY_ACTIVE_ARCH = YES;
				SDKROOT = iphoneos;
				SWIFT_ACTIVE_COMPILATION_CONDITIONS = DEBUG;
				SWIFT_OPTIMIZATION_LEVEL = "-Onone";
			};
			name = Debug;
		};
		04A98FF92250AB7E00E51EAB /* Release */ = {
			isa = XCBuildConfiguration;
			buildSettings = {
				ALWAYS_SEARCH_USER_PATHS = NO;
				CLANG_ANALYZER_NONNULL = YES;
				CLANG_ANALYZER_NUMBER_OBJECT_CONVERSION = YES_AGGRESSIVE;
				CLANG_CXX_LANGUAGE_STANDARD = "gnu++14";
				CLANG_CXX_LIBRARY = "libc++";
				CLANG_ENABLE_MODULES = YES;
				CLANG_ENABLE_OBJC_ARC = YES;
				CLANG_ENABLE_OBJC_WEAK = YES;
				CLANG_WARN_BLOCK_CAPTURE_AUTORELEASING = YES;
				CLANG_WARN_BOOL_CONVERSION = YES;
				CLANG_WARN_COMMA = YES;
				CLANG_WARN_CONSTANT_CONVERSION = YES;
				CLANG_WARN_DEPRECATED_OBJC_IMPLEMENTATIONS = YES;
				CLANG_WARN_DIRECT_OBJC_ISA_USAGE = YES_ERROR;
				CLANG_WARN_DOCUMENTATION_COMMENTS = YES;
				CLANG_WARN_EMPTY_BODY = YES;
				CLANG_WARN_ENUM_CONVERSION = YES;
				CLANG_WARN_INFINITE_RECURSION = YES;
				CLANG_WARN_INT_CONVERSION = YES;
				CLANG_WARN_NON_LITERAL_NULL_CONVERSION = YES;
				CLANG_WARN_OBJC_IMPLICIT_RETAIN_SELF = YES;
				CLANG_WARN_OBJC_LITERAL_CONVERSION = YES;
				CLANG_WARN_OBJC_ROOT_CLASS = YES_ERROR;
				CLANG_WARN_RANGE_LOOP_ANALYSIS = YES;
				CLANG_WARN_STRICT_PROTOTYPES = YES;
				CLANG_WARN_SUSPICIOUS_MOVE = YES;
				CLANG_WARN_UNGUARDED_AVAILABILITY = YES_AGGRESSIVE;
				CLANG_WARN_UNREACHABLE_CODE = YES;
				CLANG_WARN__DUPLICATE_METHOD_MATCH = YES;
				CODE_SIGN_IDENTITY = "iPhone Developer";
				COPY_PHASE_STRIP = NO;
				DEBUG_INFORMATION_FORMAT = "dwarf-with-dsym";
				ENABLE_NS_ASSERTIONS = NO;
				ENABLE_STRICT_OBJC_MSGSEND = YES;
				GCC_C_LANGUAGE_STANDARD = gnu11;
				GCC_NO_COMMON_BLOCKS = YES;
				GCC_WARN_64_TO_32_BIT_CONVERSION = YES;
				GCC_WARN_ABOUT_RETURN_TYPE = YES_ERROR;
				GCC_WARN_UNDECLARED_SELECTOR = YES;
				GCC_WARN_UNINITIALIZED_AUTOS = YES_AGGRESSIVE;
				GCC_WARN_UNUSED_FUNCTION = YES;
				GCC_WARN_UNUSED_VARIABLE = YES;
				IPHONEOS_DEPLOYMENT_TARGET = 12.1;
				MTL_ENABLE_DEBUG_INFO = NO;
				MTL_FAST_MATH = YES;
				SDKROOT = iphoneos;
				SWIFT_COMPILATION_MODE = wholemodule;
				SWIFT_OPTIMIZATION_LEVEL = "-O";
				VALIDATE_PRODUCT = YES;
			};
			name = Release;
		};
		04A98FFB2250AB7E00E51EAB /* Debug */ = {
			isa = XCBuildConfiguration;
			buildSettings = {
				ASSETCATALOG_COMPILER_APPICON_NAME = AppIcon;
				CODE_SIGN_STYLE = Automatic;
				DEVELOPMENT_TEAM = PPAA6HBS48;
				INFOPLIST_FILE = SearchbarTable/Info.plist;
				IPHONEOS_DEPLOYMENT_TARGET = 9.0;
				LD_RUNPATH_SEARCH_PATHS = (
					"$(inherited)",
					"@executable_path/Frameworks",
				);
				PRODUCT_BUNDLE_IDENTIFIER = cdhtest;
				PRODUCT_NAME = "$(TARGET_NAME)";
				SWIFT_VERSION = 4.2;
				TARGETED_DEVICE_FAMILY = 1;
			};
			name = Debug;
		};
		04A98FFC2250AB7E00E51EAB /* Release */ = {
			isa = XCBuildConfiguration;
			buildSettings = {
				ASSETCATALOG_COMPILER_APPICON_NAME = AppIcon;
				CODE_SIGN_STYLE = Automatic;
				DEVELOPMENT_TEAM = PPAA6HBS48;
				INFOPLIST_FILE = SearchbarTable/Info.plist;
				IPHONEOS_DEPLOYMENT_TARGET = 9.0;
				LD_RUNPATH_SEARCH_PATHS = (
					"$(inherited)",
					"@executable_path/Frameworks",
				);
				PRODUCT_BUNDLE_IDENTIFIER = cdhtest;
				PRODUCT_NAME = "$(TARGET_NAME)";
				SWIFT_VERSION = 4.2;
				TARGETED_DEVICE_FAMILY = 1;
			};
			name = Release;
		};
		04A98FFE2250AB7E00E51EAB /* Debug */ = {
			isa = XCBuildConfiguration;
			buildSettings = {
				ALWAYS_EMBED_SWIFT_STANDARD_LIBRARIES = YES;
				BUNDLE_LOADER = "$(TEST_HOST)";
				CODE_SIGN_STYLE = Automatic;
				DEVELOPMENT_TEAM = 3497S6VCM3;
				INFOPLIST_FILE = SearchbarTableTests/Info.plist;
				LD_RUNPATH_SEARCH_PATHS = (
					"$(inherited)",
					"@executable_path/Frameworks",
					"@loader_path/Frameworks",
				);
				PRODUCT_BUNDLE_IDENTIFIER = Hao.com.SearchbarTableTests;
				PRODUCT_NAME = "$(TARGET_NAME)";
				SWIFT_VERSION = 4.2;
				TARGETED_DEVICE_FAMILY = "1,2";
				TEST_HOST = "$(BUILT_PRODUCTS_DIR)/SearchbarTable.app/SearchbarTable";
			};
			name = Debug;
		};
		04A98FFF2250AB7E00E51EAB /* Release */ = {
			isa = XCBuildConfiguration;
			buildSettings = {
				ALWAYS_EMBED_SWIFT_STANDARD_LIBRARIES = YES;
				BUNDLE_LOADER = "$(TEST_HOST)";
				CODE_SIGN_STYLE = Automatic;
				DEVELOPMENT_TEAM = 3497S6VCM3;
				INFOPLIST_FILE = SearchbarTableTests/Info.plist;
				LD_RUNPATH_SEARCH_PATHS = (
					"$(inherited)",
					"@executable_path/Frameworks",
					"@loader_path/Frameworks",
				);
				PRODUCT_BUNDLE_IDENTIFIER = Hao.com.SearchbarTableTests;
				PRODUCT_NAME = "$(TARGET_NAME)";
				SWIFT_VERSION = 4.2;
				TARGETED_DEVICE_FAMILY = "1,2";
				TEST_HOST = "$(BUILT_PRODUCTS_DIR)/SearchbarTable.app/SearchbarTable";
			};
			name = Release;
		};
		04A990012250AB7E00E51EAB /* Debug */ = {
			isa = XCBuildConfiguration;
			buildSettings = {
				ALWAYS_EMBED_SWIFT_STANDARD_LIBRARIES = YES;
				CODE_SIGN_STYLE = Automatic;
				DEVELOPMENT_TEAM = 3497S6VCM3;
				INFOPLIST_FILE = SearchbarTableUITests/Info.plist;
				LD_RUNPATH_SEARCH_PATHS = (
					"$(inherited)",
					"@executable_path/Frameworks",
					"@loader_path/Frameworks",
				);
				PRODUCT_BUNDLE_IDENTIFIER = Hao.com.SearchbarTableUITests;
				PRODUCT_NAME = "$(TARGET_NAME)";
				SWIFT_VERSION = 4.2;
				TARGETED_DEVICE_FAMILY = "1,2";
				TEST_TARGET_NAME = SearchbarTable;
			};
			name = Debug;
		};
		04A990022250AB7E00E51EAB /* Release */ = {
			isa = XCBuildConfiguration;
			buildSettings = {
				ALWAYS_EMBED_SWIFT_STANDARD_LIBRARIES = YES;
				CODE_SIGN_STYLE = Automatic;
				DEVELOPMENT_TEAM = 3497S6VCM3;
				INFOPLIST_FILE = SearchbarTableUITests/Info.plist;
				LD_RUNPATH_SEARCH_PATHS = (
					"$(inherited)",
					"@executable_path/Frameworks",
					"@loader_path/Frameworks",
				);
				PRODUCT_BUNDLE_IDENTIFIER = Hao.com.SearchbarTableUITests;
				PRODUCT_NAME = "$(TARGET_NAME)";
				SWIFT_VERSION = 4.2;
				TARGETED_DEVICE_FAMILY = "1,2";
				TEST_TARGET_NAME = SearchbarTable;
			};
			name = Release;
		};
/* End XCBuildConfiguration section */

/* Begin XCConfigurationList section */
		04A98FCD2250AB7C00E51EAB /* Build configuration list for PBXProject "SearchbarTable" */ = {
			isa = XCConfigurationList;
			buildConfigurations = (
				04A98FF82250AB7E00E51EAB /* Debug */,
				04A98FF92250AB7E00E51EAB /* Release */,
			);
			defaultConfigurationIsVisible = 0;
			defaultConfigurationName = Release;
		};
		04A98FFA2250AB7E00E51EAB /* Build configuration list for PBXNativeTarget "SearchbarTable" */ = {
			isa = XCConfigurationList;
			buildConfigurations = (
				04A98FFB2250AB7E00E51EAB /* Debug */,
				04A98FFC2250AB7E00E51EAB /* Release */,
			);
			defaultConfigurationIsVisible = 0;
			defaultConfigurationName = Release;
		};
		04A98FFD2250AB7E00E51EAB /* Build configuration list for PBXNativeTarget "SearchbarTableTests" */ = {
			isa = XCConfigurationList;
			buildConfigurations = (
				04A98FFE2250AB7E00E51EAB /* Debug */,
				04A98FFF2250AB7E00E51EAB /* Release */,
			);
			defaultConfigurationIsVisible = 0;
			defaultConfigurationName = Release;
		};
		04A990002250AB7E00E51EAB /* Build configuration list for PBXNativeTarget "SearchbarTableUITests" */ = {
			isa = XCConfigurationList;
			buildConfigurations = (
				04A990012250AB7E00E51EAB /* Debug */,
				04A990022250AB7E00E51EAB /* Release */,
			);
			defaultConfigurationIsVisible = 0;
			defaultConfigurationName = Release;
		};
/* End XCConfigurationList section */
	};
	rootObject = 04A98FCA2250AB7C00E51EAB /* Project object */;
}
