// !$*UTF8*$!
{
	archiveVersion = 1;
	classes = {
	};
	objectVersion = 50;
	objects = {

/* Begin PBXBuildFile section */
		04C62BAD226EB0FE001742C4 /* AppDelegate.swift in Sources */ = {isa = PBXBuildFile; fileRef = 04C62BAC226EB0FE001742C4 /* AppDelegate.swift */; };
		04C62BAF226EB0FE001742C4 /* ViewController.swift in Sources */ = {isa = PBXBuildFile; fileRef = 04C62BAE226EB0FE001742C4 /* ViewController.swift */; };
		04C62BB2226EB0FE001742C4 /* Main.storyboard in Resources */ = {isa = PBXBuildFile; fileRef = 04C62BB0226EB0FE001742C4 /* Main.storyboard */; };
		04C62BB4226EB100001742C4 /* Assets.xcassets in Resources */ = {isa = PBXBuildFile; fileRef = 04C62BB3226EB100001742C4 /* Assets.xcassets */; };
		04C62BB7226EB101001742C4 /* LaunchScreen.storyboard in Resources */ = {isa = PBXBuildFile; fileRef = 04C62BB5226EB101001742C4 /* LaunchScreen.storyboard */; };
		04C62BC2226EB101001742C4 /* BezierCurveTests.swift in Sources */ = {isa = PBXBuildFile; fileRef = 04C62BC1226EB101001742C4 /* BezierCurveTests.swift */; };
		04C62BCD226EB101001742C4 /* BezierCurveUITests.swift in Sources */ = {isa = PBXBuildFile; fileRef = 04C62BCC226EB101001742C4 /* BezierCurveUITests.swift */; };
		04C62BDB226EB11A001742C4 /* MyView.swift in Sources */ = {isa = PBXBuildFile; fileRef = 04C62BDA226EB11A001742C4 /* MyView.swift */; };
/* End PBXBuildFile section */

/* Begin PBXContainerItemProxy section */
		04C62BBE226EB101001742C4 /* PBXContainerItemProxy */ = {
			isa = PBXContainerItemProxy;
			containerPortal = 04C62BA1226EB0FE001742C4 /* Project object */;
			proxyType = 1;
			remoteGlobalIDString = 04C62BA8226EB0FE001742C4;
			remoteInfo = BezierCurve;
		};
		04C62BC9226EB101001742C4 /* PBXContainerItemProxy */ = {
			isa = PBXContainerItemProxy;
			containerPortal = 04C62BA1226EB0FE001742C4 /* Project object */;
			proxyType = 1;
			remoteGlobalIDString = 04C62BA8226EB0FE001742C4;
			remoteInfo = BezierCurve;
		};
/* End PBXContainerItemProxy section */

/* Begin PBXFileReference section */
		04C62BA9226EB0FE001742C4 /* BezierCurve.app */ = {isa = PBXFileReference; explicitFileType = wrapper.application; includeInIndex = 0; path = BezierCurve.app; sourceTree = BUILT_PRODUCTS_DIR; };
		04C62BAC226EB0FE001742C4 /* AppDelegate.swift */ = {isa = PBXFileReference; lastKnownFileType = sourcecode.swift; path = AppDelegate.swift; sourceTree = "<group>"; };
		04C62BAE226EB0FE001742C4 /* ViewController.swift */ = {isa = PBXFileReference; lastKnownFileType = sourcecode.swift; path = ViewController.swift; sourceTree = "<group>"; };
		04C62BB1226EB0FE001742C4 /* Base */ = {isa = PBXFileReference; lastKnownFileType = file.storyboard; name = Base; path = Base.lproj/Main.storyboard; sourceTree = "<group>"; };
		04C62BB3226EB100001742C4 /* Assets.xcassets */ = {isa = PBXFileReference; lastKnownFileType = folder.assetcatalog; path = Assets.xcassets; sourceTree = "<group>"; };
		04C62BB6226EB101001742C4 /* Base */ = {isa = PBXFileReference; lastKnownFileType = file.storyboard; name = Base; path = Base.lproj/LaunchScreen.storyboard; sourceTree = "<group>"; };
		04C62BB8226EB101001742C4 /* Info.plist */ = {isa = PBXFileReference; lastKnownFileType = text.plist.xml; path = Info.plist; sourceTree = "<group>"; };
		04C62BBD226EB101001742C4 /* BezierCurveTests.xctest */ = {isa = PBXFileReference; explicitFileType = wrapper.cfbundle; includeInIndex = 0; path = BezierCurveTests.xctest; sourceTree = BUILT_PRODUCTS_DIR; };
		04C62BC1226EB101001742C4 /* BezierCurveTests.swift */ = {isa = PBXFileReference; lastKnownFileType = sourcecode.swift; path = BezierCurveTests.swift; sourceTree = "<group>"; };
		04C62BC3226EB101001742C4 /* Info.plist */ = {isa = PBXFileReference; lastKnownFileType = text.plist.xml; path = Info.plist; sourceTree = "<group>"; };
		04C62BC8226EB101001742C4 /* BezierCurveUITests.xctest */ = {isa = PBXFileReference; explicitFileType = wrapper.cfbundle; includeInIndex = 0; path = BezierCurveUITests.xctest; sourceTree = BUILT_PRODUCTS_DIR; };
		04C62BCC226EB101001742C4 /* BezierCurveUITests.swift */ = {isa = PBXFileReference; lastKnownFileType = sourcecode.swift; path = BezierCurveUITests.swift; sourceTree = "<group>"; };
		04C62BCE226EB101001742C4 /* Info.plist */ = {isa = PBXFileReference; lastKnownFileType = text.plist.xml; path = Info.plist; sourceTree = "<group>"; };
		04C62BDA226EB11A001742C4 /* MyView.swift */ = {isa = PBXFileReference; lastKnownFileType = sourcecode.swift; path = MyView.swift; sourceTree = "<group>"; };
/* End PBXFileReference section */

/* Begin PBXFrameworksBuildPhase section */
		04C62BA6226EB0FE001742C4 /* Frameworks */ = {
			isa = PBXFrameworksBuildPhase;
			buildActionMask = 2147483647;
			files = (
			);
			runOnlyForDeploymentPostprocessing = 0;
		};
		04C62BBA226EB101001742C4 /* Frameworks */ = {
			isa = PBXFrameworksBuildPhase;
			buildActionMask = 2147483647;
			files = (
			);
			runOnlyForDeploymentPostprocessing = 0;
		};
		04C62BC5226EB101001742C4 /* Frameworks */ = {
			isa = PBXFrameworksBuildPhase;
			buildActionMask = 2147483647;
			files = (
			);
			runOnlyForDeploymentPostprocessing = 0;
		};
/* End PBXFrameworksBuildPhase section */

/* Begin PBXGroup section */
		04C62BA0226EB0FE001742C4 = {
			isa = PBXGroup;
			children = (
				04C62BAB226EB0FE001742C4 /* BezierCurve */,
				04C62BC0226EB101001742C4 /* BezierCurveTests */,
				04C62BCB226EB101001742C4 /* BezierCurveUITests */,
				04C62BAA226EB0FE001742C4 /* Products */,
			);
			sourceTree = "<group>";
		};
		04C62BAA226EB0FE001742C4 /* Products */ = {
			isa = PBXGroup;
			children = (
				04C62BA9226EB0FE001742C4 /* BezierCurve.app */,
				04C62BBD226EB101001742C4 /* BezierCurveTests.xctest */,
				04C62BC8226EB101001742C4 /* BezierCurveUITests.xctest */,
			);
			name = Products;
			sourceTree = "<group>";
		};
		04C62BAB226EB0FE001742C4 /* BezierCurve */ = {
			isa = PBXGroup;
			children = (
				04C62BAC226EB0FE001742C4 /* AppDelegate.swift */,
				04C62BAE226EB0FE001742C4 /* ViewController.swift */,
				04C62BB0226EB0FE001742C4 /* Main.storyboard */,
				04C62BB3226EB100001742C4 /* Assets.xcassets */,
				04C62BB5226EB101001742C4 /* LaunchScreen.storyboard */,
				04C62BB8226EB101001742C4 /* Info.plist */,
				04C62BDA226EB11A001742C4 /* MyView.swift */,
			);
			path = BezierCurve;
			sourceTree = "<group>";
		};
		04C62BC0226EB101001742C4 /* BezierCurveTests */ = {
			isa = PBXGroup;
			children = (
				04C62BC1226EB101001742C4 /* BezierCurveTests.swift */,
				04C62BC3226EB101001742C4 /* Info.plist */,
			);
			path = BezierCurveTests;
			sourceTree = "<group>";
		};
		04C62BCB226EB101001742C4 /* BezierCurveUITests */ = {
			isa = PBXGroup;
			children = (
				04C62BCC226EB101001742C4 /* BezierCurveUITests.swift */,
				04C62BCE226EB101001742C4 /* Info.plist */,
			);
			path = BezierCurveUITests;
			sourceTree = "<group>";
		};
/* End PBXGroup section */

/* Begin PBXNativeTarget section */
		04C62BA8226EB0FE001742C4 /* BezierCurve */ = {
			isa = PBXNativeTarget;
			buildConfigurationList = 04C62BD1226EB101001742C4 /* Build configuration list for PBXNativeTarget "BezierCurve" */;
			buildPhases = (
				04C62BA5226EB0FE001742C4 /* Sources */,
				04C62BA6226EB0FE001742C4 /* Frameworks */,
				04C62BA7226EB0FE001742C4 /* Resources */,
			);
			buildRules = (
			);
			dependencies = (
			);
			name = BezierCurve;
			productName = BezierCurve;
			productReference = 04C62BA9226EB0FE001742C4 /* BezierCurve.app */;
			productType = "com.apple.product-type.application";
		};
		04C62BBC226EB101001742C4 /* BezierCurveTests */ = {
			isa = PBXNativeTarget;
			buildConfigurationList = 04C62BD4226EB101001742C4 /* Build configuration list for PBXNativeTarget "BezierCurveTests" */;
			buildPhases = (
				04C62BB9226EB101001742C4 /* Sources */,
				04C62BBA226EB101001742C4 /* Frameworks */,
				04C62BBB226EB101001742C4 /* Resources */,
			);
			buildRules = (
			);
			dependencies = (
				04C62BBF226EB101001742C4 /* PBXTargetDependency */,
			);
			name = BezierCurveTests;
			productName = BezierCurveTests;
			productReference = 04C62BBD226EB101001742C4 /* BezierCurveTests.xctest */;
			productType = "com.apple.product-type.bundle.unit-test";
		};
		04C62BC7226EB101001742C4 /* BezierCurveUITests */ = {
			isa = PBXNativeTarget;
			buildConfigurationList = 04C62BD7226EB101001742C4 /* Build configuration list for PBXNativeTarget "BezierCurveUITests" */;
			buildPhases = (
				04C62BC4226EB101001742C4 /* Sources */,
				04C62BC5226EB101001742C4 /* Frameworks */,
				04C62BC6226EB101001742C4 /* Resources */,
			);
			buildRules = (
			);
			dependencies = (
				04C62BCA226EB101001742C4 /* PBXTargetDependency */,
			);
			name = BezierCurveUITests;
			productName = BezierCurveUITests;
			productReference = 04C62BC8226EB101001742C4 /* BezierCurveUITests.xctest */;
			productType = "com.apple.product-type.bundle.ui-testing";
		};
/* End PBXNativeTarget section */

/* Begin PBXProject section */
		04C62BA1226EB0FE001742C4 /* Project object */ = {
			isa = PBXProject;
			attributes = {
				LastSwiftUpdateCheck = 1010;
				LastUpgradeCheck = 1010;
				ORGANIZATIONNAME = LIUHAO;
				TargetAttributes = {
					04C62BA8226EB0FE001742C4 = {
						CreatedOnToolsVersion = 10.1;
					};
					04C62BBC226EB101001742C4 = {
						CreatedOnToolsVersion = 10.1;
						TestTargetID = 04C62BA8226EB0FE001742C4;
					};
					04C62BC7226EB101001742C4 = {
						CreatedOnToolsVersion = 10.1;
						TestTargetID = 04C62BA8226EB0FE001742C4;
					};
				};
			};
			buildConfigurationList = 04C62BA4226EB0FE001742C4 /* Build configuration list for PBXProject "BezierCurve" */;
			compatibilityVersion = "Xcode 9.3";
			developmentRegion = en;
			hasScannedForEncodings = 0;
			knownRegions = (
				en,
				Base,
			);
			mainGroup = 04C62BA0226EB0FE001742C4;
			productRefGroup = 04C62BAA226EB0FE001742C4 /* Products */;
			projectDirPath = "";
			projectRoot = "";
			targets = (
				04C62BA8226EB0FE001742C4 /* BezierCurve */,
				04C62BBC226EB101001742C4 /* BezierCurveTests */,
				04C62BC7226EB101001742C4 /* BezierCurveUITests */,
			);
		};
/* End PBXProject section */

/* Begin PBXResourcesBuildPhase section */
		04C62BA7226EB0FE001742C4 /* Resources */ = {
			isa = PBXResourcesBuildPhase;
			buildActionMask = 2147483647;
			files = (
				04C62BB7226EB101001742C4 /* LaunchScreen.storyboard in Resources */,
				04C62BB4226EB100001742C4 /* Assets.xcassets in Resources */,
				04C62BB2226EB0FE001742C4 /* Main.storyboard in Resources */,
			);
			runOnlyForDeploymentPostprocessing = 0;
		};
		04C62BBB226EB101001742C4 /* Resources */ = {
			isa = PBXResourcesBuildPhase;
			buildActionMask = 2147483647;
			files = (
			);
			runOnlyForDeploymentPostprocessing = 0;
		};
		04C62BC6226EB101001742C4 /* Resources */ = {
			isa = PBXResourcesBuildPhase;
			buildActionMask = 2147483647;
			files = (
			);
			runOnlyForDeploymentPostprocessing = 0;
		};
/* End PBXResourcesBuildPhase section */

/* Begin PBXSourcesBuildPhase section */
		04C62BA5226EB0FE001742C4 /* Sources */ = {
			isa = PBXSourcesBuildPhase;
			buildActionMask = 2147483647;
			files = (
				04C62BDB226EB11A001742C4 /* MyView.swift in Sources */,
				04C62BAF226EB0FE001742C4 /* ViewController.swift in Sources */,
				04C62BAD226EB0FE001742C4 /* AppDelegate.swift in Sources */,
			);
			runOnlyForDeploymentPostprocessing = 0;
		};
		04C62BB9226EB101001742C4 /* Sources */ = {
			isa = PBXSourcesBuildPhase;
			buildActionMask = 2147483647;
			files = (
				04C62BC2226EB101001742C4 /* BezierCurveTests.swift in Sources */,
			);
			runOnlyForDeploymentPostprocessing = 0;
		};
		04C62BC4226EB101001742C4 /* Sources */ = {
			isa = PBXSourcesBuildPhase;
			buildActionMask = 2147483647;
			files = (
				04C62BCD226EB101001742C4 /* BezierCurveUITests.swift in Sources */,
			);
			runOnlyForDeploymentPostprocessing = 0;
		};
/* End PBXSourcesBuildPhase section */

/* Begin PBXTargetDependency section */
		04C62BBF226EB101001742C4 /* PBXTargetDependency */ = {
			isa = PBXTargetDependency;
			target = 04C62BA8226EB0FE001742C4 /* BezierCurve */;
			targetProxy = 04C62BBE226EB101001742C4 /* PBXContainerItemProxy */;
		};
		04C62BCA226EB101001742C4 /* PBXTargetDependency */ = {
			isa = PBXTargetDependency;
			target = 04C62BA8226EB0FE001742C4 /* BezierCurve */;
			targetProxy = 04C62BC9226EB101001742C4 /* PBXContainerItemProxy */;
		};
/* End PBXTargetDependency section */

/* Begin PBXVariantGroup section */
		04C62BB0226EB0FE001742C4 /* Main.storyboard */ = {
			isa = PBXVariantGroup;
			children = (
				04C62BB1226EB0FE001742C4 /* Base */,
			);
			name = Main.storyboard;
			sourceTree = "<group>";
		};
		04C62BB5226EB101001742C4 /* LaunchScreen.storyboard */ = {
			isa = PBXVariantGroup;
			children = (
				04C62BB6226EB101001742C4 /* Base */,
			);
			name = LaunchScreen.storyboard;
			sourceTree = "<group>";
		};
/* End PBXVariantGroup section */

/* Begin XCBuildConfiguration section */
		04C62BCF226EB101001742C4 /* Debug */ = {
			isa = XCBuildConfiguration;
			buildSettings = {
				ALWAYS_SEARCH_USER_PATHS = NO;
				CLANG_ANALYZER_NONNULL = YES;
				CLANG_ANALYZER_NUMBER_OBJECT_CONVERSION = YES_AGGRESSIVE;
				CLANG_CXX_LANGUAGE_STANDARD = "gnu++14";
				CLANG_CXX_LIBRARY = "libc++";
				CLANG_ENABLE_MODULES = YES;
				CLANG_ENABLE_OBJC_ARC = YES;
				CLANG_ENABLE_OBJC_WEAK = YES;
				CLANG_WARN_BLOCK_CAPTURE_AUTORELEASING = YES;
				CLANG_WARN_BOOL_CONVERSION = YES;
				CLANG_WARN_COMMA = YES;
				CLANG_WARN_CONSTANT_CONVERSION = YES;
				CLANG_WARN_DEPRECATED_OBJC_IMPLEMENTATIONS = YES;
				CLANG_WARN_DIRECT_OBJC_ISA_USAGE = YES_ERROR;
				CLANG_WARN_DOCUMENTATION_COMMENTS = YES;
				CLANG_WARN_EMPTY_BODY = YES;
				CLANG_WARN_ENUM_CONVERSION = YES;
				CLANG_WARN_INFINITE_RECURSION = YES;
				CLANG_WARN_INT_CONVERSION = YES;
				CLANG_WARN_NON_LITERAL_NULL_CONVERSION = YES;
				CLANG_WARN_OBJC_IMPLICIT_RETAIN_SELF = YES;
				CLANG_WARN_OBJC_LITERAL_CONVERSION = YES;
				CLANG_WARN_OBJC_ROOT_CLASS = YES_ERROR;
				CLANG_WARN_RANGE_LOOP_ANALYSIS = YES;
				CLANG_WARN_STRICT_PROTOTYPES = YES;
				CLANG_WARN_SUSPICIOUS_MOVE = YES;
				CLANG_WARN_UNGUARDED_AVAILABILITY = YES_AGGRESSIVE;
				CLANG_WARN_UNREACHABLE_CODE = YES;
				CLANG_WARN__DUPLICATE_METHOD_MATCH = YES;
				CODE_SIGN_IDENTITY = "iPhone Developer";
				COPY_PHASE_STRIP = NO;
				DEBUG_INFORMATION_FORMAT = dwarf;
				ENABLE_STRICT_OBJC_MSGSEND = YES;
				ENABLE_TESTABILITY = YES;
				GCC_C_LANGUAGE_STANDARD = gnu11;
				GCC_DYNAMIC_NO_PIC = NO;
				GCC_NO_COMMON_BLOCKS = YES;
				GCC_OPTIMIZATION_LEVEL = 0;
				GCC_PREPROCESSOR_DEFINITIONS = (
					"DEBUG=1",
					"$(inherited)",
				);
				GCC_WARN_64_TO_32_BIT_CONVERSION = YES;
				GCC_WARN_ABOUT_RETURN_TYPE = YES_ERROR;
				GCC_WARN_UNDECLARED_SELECTOR = YES;
				GCC_WARN_UNINITIALIZED_AUTOS = YES_AGGRESSIVE;
				GCC_WARN_UNUSED_FUNCTION = YES;
				GCC_WARN_UNUSED_VARIABLE = YES;
				IPHONEOS_DEPLOYMENT_TARGET = 12.1;
				MTL_ENABLE_DEBUG_INFO = INCLUDE_SOURCE;
				MTL_FAST_MATH = YES;
				ONLY_ACTIVE_ARCH = YES;
				SDKROOT = iphoneos;
				SWIFT_ACTIVE_COMPILATION_CONDITIONS = DEBUG;
				SWIFT_OPTIMIZATION_LEVEL = "-Onone";
			};
			name = Debug;
		};
		04C62BD0226EB101001742C4 /* Release */ = {
			isa = XCBuildConfiguration;
			buildSettings = {
				ALWAYS_SEARCH_USER_PATHS = NO;
				CLANG_ANALYZER_NONNULL = YES;
				CLANG_ANALYZER_NUMBER_OBJECT_CONVERSION = YES_AGGRESSIVE;
				CLANG_CXX_LANGUAGE_STANDARD = "gnu++14";
				CLANG_CXX_LIBRARY = "libc++";
				CLANG_ENABLE_MODULES = YES;
				CLANG_ENABLE_OBJC_ARC = YES;
				CLANG_ENABLE_OBJC_WEAK = YES;
				CLANG_WARN_BLOCK_CAPTURE_AUTORELEASING = YES;
				CLANG_WARN_BOOL_CONVERSION = YES;
				CLANG_WARN_COMMA = YES;
				CLANG_WARN_CONSTANT_CONVERSION = YES;
				CLANG_WARN_DEPRECATED_OBJC_IMPLEMENTATIONS = YES;
				CLANG_WARN_DIRECT_OBJC_ISA_USAGE = YES_ERROR;
				CLANG_WARN_DOCUMENTATION_COMMENTS = YES;
				CLANG_WARN_EMPTY_BODY = YES;
				CLANG_WARN_ENUM_CONVERSION = YES;
				CLANG_WARN_INFINITE_RECURSION = YES;
				CLANG_WARN_INT_CONVERSION = YES;
				CLANG_WARN_NON_LITERAL_NULL_CONVERSION = YES;
				CLANG_WARN_OBJC_IMPLICIT_RETAIN_SELF = YES;
				CLANG_WARN_OBJC_LITERAL_CONVERSION = YES;
				CLANG_WARN_OBJC_ROOT_CLASS = YES_ERROR;
				CLANG_WARN_RANGE_LOOP_ANALYSIS = YES;
				CLANG_WARN_STRICT_PROTOTYPES = YES;
				CLANG_WARN_SUSPICIOUS_MOVE = YES;
				CLANG_WARN_UNGUARDED_AVAILABILITY = YES_AGGRESSIVE;
				CLANG_WARN_UNREACHABLE_CODE = YES;
				CLANG_WARN__DUPLICATE_METHOD_MATCH = YES;
				CODE_SIGN_IDENTITY = "iPhone Developer";
				COPY_PHASE_STRIP = NO;
				DEBUG_INFORMATION_FORMAT = "dwarf-with-dsym";
				ENABLE_NS_ASSERTIONS = NO;
				ENABLE_STRICT_OBJC_MSGSEND = YES;
				GCC_C_LANGUAGE_STANDARD = gnu11;
				GCC_NO_COMMON_BLOCKS = YES;
				GCC_WARN_64_TO_32_BIT_CONVERSION = YES;
				GCC_WARN_ABOUT_RETURN_TYPE = YES_ERROR;
				GCC_WARN_UNDECLARED_SELECTOR = YES;
				GCC_WARN_UNINITIALIZED_AUTOS = YES_AGGRESSIVE;
				GCC_WARN_UNUSED_FUNCTION = YES;
				GCC_WARN_UNUSED_VARIABLE = YES;
				IPHONEOS_DEPLOYMENT_TARGET = 12.1;
				MTL_ENABLE_DEBUG_INFO = NO;
				MTL_FAST_MATH = YES;
				SDKROOT = iphoneos;
				SWIFT_COMPILATION_MODE = wholemodule;
				SWIFT_OPTIMIZATION_LEVEL = "-O";
				VALIDATE_PRODUCT = YES;
			};
			name = Release;
		};
		04C62BD2226EB101001742C4 /* Debug */ = {
			isa = XCBuildConfiguration;
			buildSettings = {
				ASSETCATALOG_COMPILER_APPICON_NAME = AppIcon;
				CODE_SIGN_STYLE = Automatic;
				DEVELOPMENT_TEAM = PPAA6HBS48;
				INFOPLIST_FILE = BezierCurve/Info.plist;
				LD_RUNPATH_SEARCH_PATHS = (
					"$(inherited)",
					"@executable_path/Frameworks",
				);
				PRODUCT_BUNDLE_IDENTIFIER = cdhtest;
				PRODUCT_NAME = "$(TARGET_NAME)";
				SWIFT_VERSION = 4.2;
				TARGETED_DEVICE_FAMILY = "1,2";
			};
			name = Debug;
		};
		04C62BD3226EB101001742C4 /* Release */ = {
			isa = XCBuildConfiguration;
			buildSettings = {
				ASSETCATALOG_COMPILER_APPICON_NAME = AppIcon;
				CODE_SIGN_STYLE = Automatic;
				DEVELOPMENT_TEAM = PPAA6HBS48;
				INFOPLIST_FILE = BezierCurve/Info.plist;
				LD_RUNPATH_SEARCH_PATHS = (
					"$(inherited)",
					"@executable_path/Frameworks",
				);
				PRODUCT_BUNDLE_IDENTIFIER = cdhtest;
				PRODUCT_NAME = "$(TARGET_NAME)";
				SWIFT_VERSION = 4.2;
				TARGETED_DEVICE_FAMILY = "1,2";
			};
			name = Release;
		};
		04C62BD5226EB101001742C4 /* Debug */ = {
			isa = XCBuildConfiguration;
			buildSettings = {
				ALWAYS_EMBED_SWIFT_STANDARD_LIBRARIES = YES;
				BUNDLE_LOADER = "$(TEST_HOST)";
				CODE_SIGN_STYLE = Automatic;
				DEVELOPMENT_TEAM = 3497S6VCM3;
				INFOPLIST_FILE = BezierCurveTests/Info.plist;
				LD_RUNPATH_SEARCH_PATHS = (
					"$(inherited)",
					"@executable_path/Frameworks",
					"@loader_path/Frameworks",
				);
				PRODUCT_BUNDLE_IDENTIFIER = Hao.com.BezierCurveTests;
				PRODUCT_NAME = "$(TARGET_NAME)";
				SWIFT_VERSION = 4.2;
				TARGETED_DEVICE_FAMILY = "1,2";
				TEST_HOST = "$(BUILT_PRODUCTS_DIR)/BezierCurve.app/BezierCurve";
			};
			name = Debug;
		};
		04C62BD6226EB101001742C4 /* Release */ = {
			isa = XCBuildConfiguration;
			buildSettings = {
				ALWAYS_EMBED_SWIFT_STANDARD_LIBRARIES = YES;
				BUNDLE_LOADER = "$(TEST_HOST)";
				CODE_SIGN_STYLE = Automatic;
				DEVELOPMENT_TEAM = 3497S6VCM3;
				INFOPLIST_FILE = BezierCurveTests/Info.plist;
				LD_RUNPATH_SEARCH_PATHS = (
					"$(inherited)",
					"@executable_path/Frameworks",
					"@loader_path/Frameworks",
				);
				PRODUCT_BUNDLE_IDENTIFIER = Hao.com.BezierCurveTests;
				PRODUCT_NAME = "$(TARGET_NAME)";
				SWIFT_VERSION = 4.2;
				TARGETED_DEVICE_FAMILY = "1,2";
				TEST_HOST = "$(BUILT_PRODUCTS_DIR)/BezierCurve.app/BezierCurve";
			};
			name = Release;
		};
		04C62BD8226EB101001742C4 /* Debug */ = {
			isa = XCBuildConfiguration;
			buildSettings = {
				ALWAYS_EMBED_SWIFT_STANDARD_LIBRARIES = YES;
				CODE_SIGN_STYLE = Automatic;
				DEVELOPMENT_TEAM = 3497S6VCM3;
				INFOPLIST_FILE = BezierCurveUITests/Info.plist;
				LD_RUNPATH_SEARCH_PATHS = (
					"$(inherited)",
					"@executable_path/Frameworks",
					"@loader_path/Frameworks",
				);
				PRODUCT_BUNDLE_IDENTIFIER = Hao.com.BezierCurveUITests;
				PRODUCT_NAME = "$(TARGET_NAME)";
				SWIFT_VERSION = 4.2;
				TARGETED_DEVICE_FAMILY = "1,2";
				TEST_TARGET_NAME = BezierCurve;
			};
			name = Debug;
		};
		04C62BD9226EB101001742C4 /* Release */ = {
			isa = XCBuildConfiguration;
			buildSettings = {
				ALWAYS_EMBED_SWIFT_STANDARD_LIBRARIES = YES;
				CODE_SIGN_STYLE = Automatic;
				DEVELOPMENT_TEAM = 3497S6VCM3;
				INFOPLIST_FILE = BezierCurveUITests/Info.plist;
				LD_RUNPATH_SEARCH_PATHS = (
					"$(inherited)",
					"@executable_path/Frameworks",
					"@loader_path/Frameworks",
				);
				PRODUCT_BUNDLE_IDENTIFIER = Hao.com.BezierCurveUITests;
				PRODUCT_NAME = "$(TARGET_NAME)";
				SWIFT_VERSION = 4.2;
				TARGETED_DEVICE_FAMILY = "1,2";
				TEST_TARGET_NAME = BezierCurve;
			};
			name = Release;
		};
/* End XCBuildConfiguration section */

/* Begin XCConfigurationList section */
		04C62BA4226EB0FE001742C4 /* Build configuration list for PBXProject "BezierCurve" */ = {
			isa = XCConfigurationList;
			buildConfigurations = (
				04C62BCF226EB101001742C4 /* Debug */,
				04C62BD0226EB101001742C4 /* Release */,
			);
			defaultConfigurationIsVisible = 0;
			defaultConfigurationName = Release;
		};
		04C62BD1226EB101001742C4 /* Build configuration list for PBXNativeTarget "BezierCurve" */ = {
			isa = XCConfigurationList;
			buildConfigurations = (
				04C62BD2226EB101001742C4 /* Debug */,
				04C62BD3226EB101001742C4 /* Release */,
			);
			defaultConfigurationIsVisible = 0;
			defaultConfigurationName = Release;
		};
		04C62BD4226EB101001742C4 /* Build configuration list for PBXNativeTarget "BezierCurveTests" */ = {
			isa = XCConfigurationList;
			buildConfigurations = (
				04C62BD5226EB101001742C4 /* Debug */,
				04C62BD6226EB101001742C4 /* Release */,
			);
			defaultConfigurationIsVisible = 0;
			defaultConfigurationName = Release;
		};
		04C62BD7226EB101001742C4 /* Build configuration list for PBXNativeTarget "BezierCurveUITests" */ = {
			isa = XCConfigurationList;
			buildConfigurations = (
				04C62BD8226EB101001742C4 /* Debug */,
				04C62BD9226EB101001742C4 /* Release */,
			);
			defaultConfigurationIsVisible = 0;
			defaultConfigurationName = Release;
		};
/* End XCConfigurationList section */
	};
	rootObject = 04C62BA1226EB0FE001742C4 /* Project object */;
}
